
Microsoft Visual Studio Solution File, Format Version 12.00
# Visual Studio Version 17
VisualStudioVersion = 17.5.33627.172
MinimumVisualStudioVersion = 10.0.40219.1
Project("{FAE04EC0-301F-11D3-BF4B-00C04F79EFBC}") = "ASP.NETCorewebApplication", "ASP.NETCorewebApplication\ASP.NETCorewebApplication.csproj", "{A32FECA0-508D-48A9-BF8E-5477971264C0}"
EndProject
Global
	GlobalSection(SolutionConfigurationPlatforms) = preSolution
		Debug|Any CPU = Debug|Any CPU
		Release|Any CPU = Release|Any CPU
	EndGlobalSection
	GlobalSection(ProjectConfigurationPlatforms) = postSolution
		{A32FECA0-508D-48A9-BF8E-5477971264C0}.Debug|Any CPU.ActiveCfg = Debug|Any CPU
		{A32FECA0-508D-48A9-BF8E-5477971264C0}.Debug|Any CPU.Build.0 = Debug|Any CPU
		{A32FECA0-508D-48A9-BF8E-5477971264C0}.Release|Any CPU.ActiveCfg = Release|Any CPU
		{A32FECA0-508D-48A9-BF8E-5477971264C0}.Release|Any CPU.Build.0 = Release|Any CPU
	EndGlobalSection
	GlobalSection(SolutionProperties) = preSolution
		HideSolutionNode = FALSE
	EndGlobalSection
	GlobalSection(ExtensibilityGlobals) = postSolution
		SolutionGuid = {5124156E-4E8C-4F3E-9535-47321B63B525}
	EndGlobalSection
EndGlobal
